
Microsoft Visual Studio Solution File, Format Version 11.00
# Visual Studio 2010
Project("{FAE04EC0-301F-11D3-BF4B-00C04F79EFBC}") = "Assembly-CSharp", "Assembly-CSharp.csproj", "{c3d73cf4-edf7-3c13-cea5-d9cba9ad57ae}"
EndProject
Project("{FAE04EC0-301F-11D3-BF4B-00C04F79EFBC}") = "Assembly-CSharp-Editor", "Assembly-CSharp-Editor.csproj", "{fa135c9e-38cc-f14c-cccf-01da34646709}"
EndProject
Global
	GlobalSection(SolutionConfigurationPlatforms) = preSolution
		Debug|Any CPU = Debug|Any CPU
	EndGlobalSection
	GlobalSection(ProjectConfigurationPlatforms) = postSolution
		{c3d73cf4-edf7-3c13-cea5-d9cba9ad57ae}.Debug|Any CPU.ActiveCfg = Debug|Any CPU
		{c3d73cf4-edf7-3c13-cea5-d9cba9ad57ae}.Debug|Any CPU.Build.0 = Debug|Any CPU
		{fa135c9e-38cc-f14c-cccf-01da34646709}.Debug|Any CPU.ActiveCfg = Debug|Any CPU
		{fa135c9e-38cc-f14c-cccf-01da34646709}.Debug|Any CPU.Build.0 = Debug|Any CPU
	EndGlobalSection
	GlobalSection(SolutionProperties) = preSolution
		HideSolutionNode = FALSE
	EndGlobalSection
EndGlobal
